
Microsoft Visual Studio Solution File, Format Version 12.00
# Visual Studio 14
VisualStudioVersion = 14.0.25420.1
MinimumVisualStudioVersion = 10.0.40219.1
Project("{FAE04EC0-301F-11D3-BF4B-00C04F79EFBC}") = "PrettyHair.Test", "PrettyHair\PrettyHair.Test.csproj", "{C44F7C25-4FC8-44BD-85D1-19B2949C5895}"
EndProject
Project("{FAE04EC0-301F-11D3-BF4B-00C04F79EFBC}") = "PrettyHair.GUI", "PrettyHair.GUI\PrettyHair.GUI.csproj", "{9D0BCE78-5355-498B-A56E-86952107F8D5}"
EndProject
Project("{FAE04EC0-301F-11D3-BF4B-00C04F79EFBC}") = "PrettyHair.Core", "PrettyHair.Core\PrettyHair.Core.csproj", "{63FA4EFE-9143-4B16-9513-DD7BC4056A82}"
EndProject
Global
	GlobalSection(SolutionConfigurationPlatforms) = preSolution
		Debug|Any CPU = Debug|Any CPU
		Release|Any CPU = Release|Any CPU
	EndGlobalSection
	GlobalSection(ProjectConfigurationPlatforms) = postSolution
		{C44F7C25-4FC8-44BD-85D1-19B2949C5895}.Debug|Any CPU.ActiveCfg = Debug|Any CPU
		{C44F7C25-4FC8-44BD-85D1-19B2949C5895}.Debug|Any CPU.Build.0 = Debug|Any CPU
		{C44F7C25-4FC8-44BD-85D1-19B2949C5895}.Release|Any CPU.ActiveCfg = Release|Any CPU
		{C44F7C25-4FC8-44BD-85D1-19B2949C5895}.Release|Any CPU.Build.0 = Release|Any CPU
		{9D0BCE78-5355-498B-A56E-86952107F8D5}.Debug|Any CPU.ActiveCfg = Debug|Any CPU
		{9D0BCE78-5355-498B-A56E-86952107F8D5}.Debug|Any CPU.Build.0 = Debug|Any CPU
		{9D0BCE78-5355-498B-A56E-86952107F8D5}.Release|Any CPU.ActiveCfg = Release|Any CPU
		{9D0BCE78-5355-498B-A56E-86952107F8D5}.Release|Any CPU.Build.0 = Release|Any CPU
		{63FA4EFE-9143-4B16-9513-DD7BC4056A82}.Debug|Any CPU.ActiveCfg = Debug|Any CPU
		{63FA4EFE-9143-4B16-9513-DD7BC4056A82}.Debug|Any CPU.Build.0 = Debug|Any CPU
		{63FA4EFE-9143-4B16-9513-DD7BC4056A82}.Release|Any CPU.ActiveCfg = Release|Any CPU
		{63FA4EFE-9143-4B16-9513-DD7BC4056A82}.Release|Any CPU.Build.0 = Release|Any CPU
	EndGlobalSection
	GlobalSection(SolutionProperties) = preSolution
		HideSolutionNode = FALSE
	EndGlobalSection
EndGlobal
